version: 6
environments:
  default:
    channels:
    - url: https://conda.anaconda.org/conda-forge/
    options:
      pypi-prerelease-mode: if-necessary-or-explicit
    packages:
      linux-64:
      - conda: https://conda.anaconda.org/conda-forge/linux-64/_openmp_mutex-4.5-20_gnu.conda
      - conda: https://conda.anaconda.org/conda-forge/linux-64/c-ares-1.34.6-hb03c661_0.conda
      - conda: https://conda.anaconda.org/conda-forge/noarch/ca-certificates-2026.2.25-hbd8a1cb_0.conda
      - conda: https://conda.anaconda.org/conda-forge/linux-64/dart-sass-1.59.1-ha770c72_0.conda
      - conda: https://conda.anaconda.org/conda-forge/linux-64/deno-2.3.1-hbf66b88_0.conda
      - conda: https://conda.anaconda.org/conda-forge/linux-64/deno-dom-0.1.41-h4768de7_0.conda
      - conda: https://conda.anaconda.org/conda-forge/linux-64/esbuild-0.27.3-hfc2019e_0.conda
      - conda: https://conda.anaconda.org/conda-forge/linux-64/icu-78.2-h33c6efd_0.conda
      - conda: https://conda.anaconda.org/conda-forge/linux-64/libbrotlicommon-1.2.0-hb03c661_1.conda
      - conda: https://conda.anaconda.org/conda-forge/linux-64/libbrotlidec-1.2.0-hb03c661_1.conda
      - conda: https://conda.anaconda.org/conda-forge/linux-64/libbrotlienc-1.2.0-hb03c661_1.conda
      - conda: https://conda.anaconda.org/conda-forge/linux-64/libev-4.33-hd590300_2.conda
      - conda: https://conda.anaconda.org/conda-forge/linux-64/libgcc-15.2.0-he0feb66_18.conda
      - conda: https://conda.anaconda.org/conda-forge/linux-64/libgcc-ng-15.2.0-h69a702a_18.conda
      - conda: https://conda.anaconda.org/conda-forge/linux-64/libgomp-15.2.0-he0feb66_18.conda
      - conda: https://conda.anaconda.org/conda-forge/linux-64/libnghttp2-1.67.0-had1ee68_0.conda
      - conda: https://conda.anaconda.org/conda-forge/linux-64/libsqlite-3.51.2-hf4e2dac_0.conda
      - conda: https://conda.anaconda.org/conda-forge/linux-64/libstdcxx-15.2.0-h934c35e_18.conda
      - conda: https://conda.anaconda.org/conda-forge/linux-64/libuv-1.51.0-hb03c661_1.conda
      - conda: https://conda.anaconda.org/conda-forge/linux-64/libzlib-1.3.1-hb9d3cd8_2.conda
      - conda: https://conda.anaconda.org/conda-forge/linux-64/nodejs-24.14.0-h3d65ac4_0.conda
      - conda: https://conda.anaconda.org/conda-forge/linux-64/openssl-3.6.1-h35e630c_1.conda
      - conda: https://conda.anaconda.org/conda-forge/linux-64/pandoc-3.6.3-ha770c72_0.conda
      - conda: https://conda.anaconda.org/conda-forge/linux-64/quarto-1.8.27-h5ac6406_0.conda
      - conda: https://conda.anaconda.org/conda-forge/linux-64/typst-0.13.0-h53e704d_0.conda
      - conda: https://conda.anaconda.org/conda-forge/linux-64/zstd-1.5.7-hb78ec9c_6.conda
packages:
- conda: https://conda.anaconda.org/conda-forge/linux-64/_openmp_mutex-4.5-20_gnu.conda
  build_number: 20
  sha256: 1dd3fffd892081df9726d7eb7e0dea6198962ba775bd88842135a4ddb4deb3c9
  md5: a9f577daf3de00bca7c3c76c0ecbd1de
  depends:
  - __glibc >=2.17,<3.0.a0
  - libgomp >=7.5.0
  constrains:
  - openmp_impl <0.0a0
  license: BSD-3-Clause
  license_family: BSD
  size: 28948
  timestamp: 1770939786096
- conda: https://conda.anaconda.org/conda-forge/linux-64/c-ares-1.34.6-hb03c661_0.conda
  sha256: cc9accf72fa028d31c2a038460787751127317dcfa991f8d1f1babf216bb454e
  md5: 920bb03579f15389b9e512095ad995b7
  depends:
  - __glibc >=2.17,<3.0.a0
  - libgcc >=14
  license: MIT
  license_family: MIT
  size: 207882
  timestamp: 1765214722852
- conda: https://conda.anaconda.org/conda-forge/noarch/ca-certificates-2026.2.25-hbd8a1cb_0.conda
  sha256: 67cc7101b36421c5913a1687ef1b99f85b5d6868da3abbf6ec1a4181e79782fc
  md5: 4492fd26db29495f0ba23f146cd5638d
  depends:
  - __unix
  license: ISC
  size: 147413
  timestamp: 1772006283803
- conda: https://conda.anaconda.org/conda-forge/linux-64/dart-sass-1.59.1-ha770c72_0.conda
  sha256: 5eae84d272c5706dd4a733a4a3912e6a1d9d02fcd53546b26c44d4f0f7f104bc
  md5: de2018928d25b2cf33d0634f908554ef
  license: MIT
  license_family: MIT
  size: 2970979
  timestamp: 1747420497129
- conda: https://conda.anaconda.org/conda-forge/linux-64/deno-2.3.1-hbf66b88_0.conda
  sha256: d41255dad26964453c4439cf8789adde9a1615eb7492a9129095ed0400eae3aa
  md5: 5343c8d26e6a573e3d2330a24a9be753
  depends:
  - __glibc >=2.28,<3.0.a0
  - libgcc >=12
  - libzlib >=1.3.1,<2.0a0
  constrains:
  - __glibc >=2.17
  license: MIT
  license_family: MIT
  size: 72232593
  timestamp: 1746124623923
- conda: https://conda.anaconda.org/conda-forge/linux-64/deno-dom-0.1.41-h4768de7_0.conda
  sha256: 2726829e1a6117dc9555a2088a4ebaa05035218b8791106f036ba73f15b1b13e
  md5: 89e80615c6b1b1ae4f5267bfc5fc7f66
  depends:
  - __glibc >=2.17,<3.0.a0
  - deno >=1.24.2
  constrains:
  - __glibc >=2.17
  license: MIT
  license_family: MIT
  size: 433150
  timestamp: 1736703310469
- conda: https://conda.anaconda.org/conda-forge/linux-64/esbuild-0.27.3-hfc2019e_0.conda
  sha256: 7162ab766ad2ef7c27304dc88d9651fa9f80acd7932cc49c4427c58df8f2bd44
  md5: b2e4fe95a21daafe5a40816501059eca
  license: MIT
  license_family: MIT
  size: 4418836
  timestamp: 1770338965140
- conda: https://conda.anaconda.org/conda-forge/linux-64/icu-78.2-h33c6efd_0.conda
  sha256: 142a722072fa96cf16ff98eaaf641f54ab84744af81754c292cb81e0881c0329
  md5: 186a18e3ba246eccfc7cff00cd19a870
  depends:
  - __glibc >=2.17,<3.0.a0
  - libgcc >=14
  - libstdcxx >=14
  license: MIT
  license_family: MIT
  size: 12728445
  timestamp: 1767969922681
- conda: https://conda.anaconda.org/conda-forge/linux-64/libbrotlicommon-1.2.0-hb03c661_1.conda
  sha256: 318f36bd49ca8ad85e6478bd8506c88d82454cc008c1ac1c6bf00a3c42fa610e
  md5: 72c8fd1af66bd67bf580645b426513ed
  depends:
  - __glibc >=2.17,<3.0.a0
  - libgcc >=14
  license: MIT
  license_family: MIT
  size: 79965
  timestamp: 1764017188531
- conda: https://conda.anaconda.org/conda-forge/linux-64/libbrotlidec-1.2.0-hb03c661_1.conda
  sha256: 12fff21d38f98bc446d82baa890e01fd82e3b750378fedc720ff93522ffb752b
  md5: 366b40a69f0ad6072561c1d09301c886
  depends:
  - __glibc >=2.17,<3.0.a0
  - libbrotlicommon 1.2.0 hb03c661_1
  - libgcc >=14
  license: MIT
  license_family: MIT
  size: 34632
  timestamp: 1764017199083
- conda: https://conda.anaconda.org/conda-forge/linux-64/libbrotlienc-1.2.0-hb03c661_1.conda
  sha256: a0c15c79997820bbd3fbc8ecf146f4fe0eca36cc60b62b63ac6cf78857f1dd0d
  md5: 4ffbb341c8b616aa2494b6afb26a0c5f
  depends:
  - __glibc >=2.17,<3.0.a0
  - libbrotlicommon 1.2.0 hb03c661_1
  - libgcc >=14
  license: MIT
  license_family: MIT
  size: 298378
  timestamp: 1764017210931
- conda: https://conda.anaconda.org/conda-forge/linux-64/libev-4.33-hd590300_2.conda
  sha256: 1cd6048169fa0395af74ed5d8f1716e22c19a81a8a36f934c110ca3ad4dd27b4
  md5: 172bf1cd1ff8629f2b1179945ed45055
  depends:
  - libgcc-ng >=12
  license: BSD-2-Clause
  license_family: BSD
  size: 112766
  timestamp: 1702146165126
- conda: https://conda.anaconda.org/conda-forge/linux-64/libgcc-15.2.0-he0feb66_18.conda
  sha256: faf7d2017b4d718951e3a59d081eb09759152f93038479b768e3d612688f83f5
  md5: 0aa00f03f9e39fb9876085dee11a85d4
  depends:
  - __glibc >=2.17,<3.0.a0
  - _openmp_mutex >=4.5
  constrains:
  - libgcc-ng ==15.2.0=*_18
  - libgomp 15.2.0 he0feb66_18
  license: GPL-3.0-only WITH GCC-exception-3.1
  license_family: GPL
  size: 1041788
  timestamp: 1771378212382
- conda: https://conda.anaconda.org/conda-forge/linux-64/libgcc-ng-15.2.0-h69a702a_18.conda
  sha256: e318a711400f536c81123e753d4c797a821021fb38970cebfb3f454126016893
  md5: d5e96b1ed75ca01906b3d2469b4ce493
  depends:
  - libgcc 15.2.0 he0feb66_18
  license: GPL-3.0-only WITH GCC-exception-3.1
  license_family: GPL
  size: 27526
  timestamp: 1771378224552
- conda: https://conda.anaconda.org/conda-forge/linux-64/libgomp-15.2.0-he0feb66_18.conda
  sha256: 21337ab58e5e0649d869ab168d4e609b033509de22521de1bfed0c031bfc5110
  md5: 239c5e9546c38a1e884d69effcf4c882
  depends:
  - __glibc >=2.17,<3.0.a0
  license: GPL-3.0-only WITH GCC-exception-3.1
  license_family: GPL
  size: 603262
  timestamp: 1771378117851
- conda: https://conda.anaconda.org/conda-forge/linux-64/libnghttp2-1.67.0-had1ee68_0.conda
  sha256: a4a7dab8db4dc81c736e9a9b42bdfd97b087816e029e221380511960ac46c690
  md5: b499ce4b026493a13774bcf0f4c33849
  depends:
  - __glibc >=2.17,<3.0.a0
  - c-ares >=1.34.5,<2.0a0
  - libev >=4.33,<4.34.0a0
  - libev >=4.33,<5.0a0
  - libgcc >=14
  - libstdcxx >=14
  - libzlib >=1.3.1,<2.0a0
  - openssl >=3.5.2,<4.0a0
  license: MIT
  license_family: MIT
  size: 666600
  timestamp: 1756834976695
- conda: https://conda.anaconda.org/conda-forge/linux-64/libsqlite-3.51.2-hf4e2dac_0.conda
  sha256: 04596fcee262a870e4b7c9807224680ff48d4d0cc0dac076a602503d3dc6d217
  md5: da5be73701eecd0e8454423fd6ffcf30
  depends:
  - __glibc >=2.17,<3.0.a0
  - icu >=78.2,<79.0a0
  - libgcc >=14
  - libzlib >=1.3.1,<2.0a0
  license: blessing
  size: 942808
  timestamp: 1768147973361
- conda: https://conda.anaconda.org/conda-forge/linux-64/libstdcxx-15.2.0-h934c35e_18.conda
  sha256: 78668020064fdaa27e9ab65cd2997e2c837b564ab26ce3bf0e58a2ce1a525c6e
  md5: 1b08cd684f34175e4514474793d44bcb
  depends:
  - __glibc >=2.17,<3.0.a0
  - libgcc 15.2.0 he0feb66_18
  constrains:
  - libstdcxx-ng ==15.2.0=*_18
  license: GPL-3.0-only WITH GCC-exception-3.1
  license_family: GPL
  size: 5852330
  timestamp: 1771378262446
- conda: https://conda.anaconda.org/conda-forge/linux-64/libuv-1.51.0-hb03c661_1.conda
  sha256: c180f4124a889ac343fc59d15558e93667d894a966ec6fdb61da1604481be26b
  md5: 0f03292cc56bf91a077a134ea8747118
  depends:
  - __glibc >=2.17,<3.0.a0
  - libgcc >=14
  license: MIT
  license_family: MIT
  size: 895108
  timestamp: 1753948278280
- conda: https://conda.anaconda.org/conda-forge/linux-64/libzlib-1.3.1-hb9d3cd8_2.conda
  sha256: d4bfe88d7cb447768e31650f06257995601f89076080e76df55e3112d4e47dc4
  md5: edb0dca6bc32e4f4789199455a1dbeb8
  depends:
  - __glibc >=2.17,<3.0.a0
  - libgcc >=13
  constrains:
  - zlib 1.3.1 *_2
  license: Zlib
  license_family: Other
  size: 60963
  timestamp: 1727963148474
- conda: https://conda.anaconda.org/conda-forge/linux-64/nodejs-24.14.0-h3d65ac4_0.conda
  sha256: c529b48a724f47f9b50b0c8510c3a4348d12b254cfb366ad1d77f19311a6f275
  md5: 2ef8b1658ab236df39a14f2b1126796e
  depends:
  - __glibc >=2.28,<3.0.a0
  - libgcc >=14
  - libstdcxx >=14
  - libuv >=1.51.0,<2.0a0
  - libsqlite >=3.51.2,<4.0a0
  - zstd >=1.5.7,<1.6.0a0
  - libbrotlicommon >=1.2.0,<1.3.0a0
  - libbrotlienc >=1.2.0,<1.3.0a0
  - libbrotlidec >=1.2.0,<1.3.0a0
  - libnghttp2 >=1.67.0,<2.0a0
  - c-ares >=1.34.6,<2.0a0
  - libzlib >=1.3.1,<2.0a0
  - openssl >=3.5.5,<4.0a0
  - icu >=78.2,<79.0a0
  license: MIT
  size: 17492447
  timestamp: 1772134245526
- conda: https://conda.anaconda.org/conda-forge/linux-64/openssl-3.6.1-h35e630c_1.conda
  sha256: 44c877f8af015332a5d12f5ff0fb20ca32f896526a7d0cdb30c769df1144fb5c
  md5: f61eb8cd60ff9057122a3d338b99c00f
  depends:
  - __glibc >=2.17,<3.0.a0
  - ca-certificates
  - libgcc >=14
  license: Apache-2.0
  license_family: Apache
  size: 3164551
  timestamp: 1769555830639
- conda: https://conda.anaconda.org/conda-forge/linux-64/pandoc-3.6.3-ha770c72_0.conda
  sha256: a7392b0d5403676b0b3ab9ff09c1e65d8ab9e1c34349bba9be605d76cf622640
  md5: 16ff7c679250dc09f9732aab14408d2c
  license: GPL-2.0-or-later
  license_family: GPL
  size: 21334851
  timestamp: 1739197772385
- conda: https://conda.anaconda.org/conda-forge/linux-64/quarto-1.8.27-h5ac6406_0.conda
  sha256: ec61c6e9427971fce0002e530c7cbdd4ad0ab31160ec075191c2f1b60869b183
  md5: 4b8786ecdcd16ab4e48313f94dbc31ed
  depends:
  - dart-sass
  - deno >=2.3.1,<2.3.2.0a0
  - deno-dom >=0.1.41,<0.1.42.0a0
  - esbuild
  - nodejs >=24.12.0,<25.0a0
  - pandoc 3.6.3
  - typst 0.13.0
  license: MIT
  license_family: MIT
  size: 23067347
  timestamp: 1768599710594
- conda: https://conda.anaconda.org/conda-forge/linux-64/typst-0.13.0-h53e704d_0.conda
  sha256: 9e3a74bc40c6b488aae852c6ddc0001cd69617601c1495b83935a04a299e17b9
  md5: 7b875caf2669fa52b44de7e70a726fc4
  depends:
  - __glibc >=2.17,<3.0.a0
  - libgcc >=13
  - openssl >=3.4.1,<4.0a0
  constrains:
  - __glibc >=2.17
  license: Apache-2.0
  license_family: Apache
  size: 13182998
  timestamp: 1739976137636
- conda: https://conda.anaconda.org/conda-forge/linux-64/zstd-1.5.7-hb78ec9c_6.conda
  sha256: 68f0206ca6e98fea941e5717cec780ed2873ffabc0e1ed34428c061e2c6268c7
  md5: 4a13eeac0b5c8e5b8ab496e6c4ddd829
  depends:
  - __glibc >=2.17,<3.0.a0
  - libzlib >=1.3.1,<2.0a0
  license: BSD-3-Clause
  license_family: BSD
  size: 601375
  timestamp: 1764777111296
